
Microsoft Visual Studio Solution File, Format Version 12.00
# Visual Studio Version 16
VisualStudioVersion = 16.0.30114.105
MinimumVisualStudioVersion = 10.0.40219.1
Project("{9A19103F-16F7-4668-BE54-9A1E7A4F7556}") = "src", "src\src.csproj", "{33BB9874-331A-4335-B218-A7642F82227B}"
EndProject
Project("{9A19103F-16F7-4668-BE54-9A1E7A4F7556}") = "test", "test\test.csproj", "{95FE7171-CDB1-48EA-A208-1FC7B579162C}"
EndProject
Global
	GlobalSection(SolutionConfigurationPlatforms) = preSolution
		Debug|Any CPU = Debug|Any CPU
		Debug|x64 = Debug|x64
		Debug|x86 = Debug|x86
		Release|Any CPU = Release|Any CPU
		Release|x64 = Release|x64
		Release|x86 = Release|x86
	EndGlobalSection
	GlobalSection(ProjectConfigurationPlatforms) = postSolution
		{33BB9874-331A-4335-B218-A7642F82227B}.Debug|Any CPU.ActiveCfg = Debug|Any CPU
		{33BB9874-331A-4335-B218-A7642F82227B}.Debug|Any CPU.Build.0 = Debug|Any CPU
		{33BB9874-331A-4335-B218-A7642F82227B}.Debug|x64.ActiveCfg = Debug|Any CPU
		{33BB9874-331A-4335-B218-A7642F82227B}.Debug|x64.Build.0 = Debug|Any CPU
		{33BB9874-331A-4335-B218-A7642F82227B}.Debug|x86.ActiveCfg = Debug|Any CPU
		{33BB9874-331A-4335-B218-A7642F82227B}.Debug|x86.Build.0 = Debug|Any CPU
		{33BB9874-331A-4335-B218-A7642F82227B}.Release|Any CPU.ActiveCfg = Release|Any CPU
		{33BB9874-331A-4335-B218-A7642F82227B}.Release|Any CPU.Build.0 = Release|Any CPU
		{33BB9874-331A-4335-B218-A7642F82227B}.Release|x64.ActiveCfg = Release|Any CPU
		{33BB9874-331A-4335-B218-A7642F82227B}.Release|x64.Build.0 = Release|Any CPU
		{33BB9874-331A-4335-B218-A7642F82227B}.Release|x86.ActiveCfg = Release|Any CPU
		{33BB9874-331A-4335-B218-A7642F82227B}.Release|x86.Build.0 = Release|Any CPU
		{95FE7171-CDB1-48EA-A208-1FC7B579162C}.Debug|Any CPU.ActiveCfg = Debug|Any CPU
		{95FE7171-CDB1-48EA-A208-1FC7B579162C}.Debug|Any CPU.Build.0 = Debug|Any CPU
		{95FE7171-CDB1-48EA-A208-1FC7B579162C}.Debug|x64.ActiveCfg = Debug|Any CPU
		{95FE7171-CDB1-48EA-A208-1FC7B579162C}.Debug|x64.Build.0 = Debug|Any CPU
		{95FE7171-CDB1-48EA-A208-1FC7B579162C}.Debug|x86.ActiveCfg = Debug|Any CPU
		{95FE7171-CDB1-48EA-A208-1FC7B579162C}.Debug|x86.Build.0 = Debug|Any CPU
		{95FE7171-CDB1-48EA-A208-1FC7B579162C}.Release|Any CPU.ActiveCfg = Release|Any CPU
		{95FE7171-CDB1-48EA-A208-1FC7B579162C}.Release|Any CPU.Build.0 = Release|Any CPU
		{95FE7171-CDB1-48EA-A208-1FC7B579162C}.Release|x64.ActiveCfg = Release|Any CPU
		{95FE7171-CDB1-48EA-A208-1FC7B579162C}.Release|x64.Build.0 = Release|Any CPU
		{95FE7171-CDB1-48EA-A208-1FC7B579162C}.Release|x86.ActiveCfg = Release|Any CPU
		{95FE7171-CDB1-48EA-A208-1FC7B579162C}.Release|x86.Build.0 = Release|Any CPU
	EndGlobalSection
	GlobalSection(SolutionProperties) = preSolution
		HideSolutionNode = FALSE
	EndGlobalSection
	GlobalSection(ExtensibilityGlobals) = postSolution
		SolutionGuid = {B991CC5D-90D2-4536-9E68-3D61455F39B1}
	EndGlobalSection
EndGlobal
